// !$*UTF8*$!
{
	archiveVersion = 1;
	classes = {
	};
	objectVersion = 46;
	objects = {

/* Begin PBXBuildFile section */
		C72E83C81C90220B00940C31 /* main.m in Sources */ = {isa = PBXBuildFile; fileRef = C72E83C71C90220B00940C31 /* main.m */; };
		C72E83CB1C90220B00940C31 /* AppDelegate.m in Sources */ = {isa = PBXBuildFile; fileRef = C72E83CA1C90220B00940C31 /* AppDelegate.m */; };
		C72E83CE1C90220B00940C31 /* ViewController.m in Sources */ = {isa = PBXBuildFile; fileRef = C72E83CD1C90220B00940C31 /* ViewController.m */; };
		C72E83D11C90220B00940C31 /* Main.storyboard in Resources */ = {isa = PBXBuildFile; fileRef = C72E83CF1C90220B00940C31 /* Main.storyboard */; };
		C72E83D31C90220B00940C31 /* Assets.xcassets in Resources */ = {isa = PBXBuildFile; fileRef = C72E83D21C90220B00940C31 /* Assets.xcassets */; };
		C72E83D61C90220B00940C31 /* LaunchScreen.storyboard in Resources */ = {isa = PBXBuildFile; fileRef = C72E83D41C90220B00940C31 /* LaunchScreen.storyboard */; };
/* End PBXBuildFile section */

/* Begin PBXFileReference section */
		C72E83C31C90220B00940C31 /* iOS.app */ = {isa = PBXFileReference; explicitFileType = wrapper.application; includeInIndex = 0; path = iOS.app; sourceTree = BUILT_PRODUCTS_DIR; };
		C72E83C71C90220B00940C31 /* main.m */ = {isa = PBXFileReference; lastKnownFileType = sourcecode.c.objc; path = main.m; sourceTree = "<group>"; };
		C72E83C91C90220B00940C31 /* AppDelegate.h */ = {isa = PBXFileReference; lastKnownFileType = sourcecode.c.h; path = AppDelegate.h; sourceTree = "<group>"; };
		C72E83CA1C90220B00940C31 /* AppDelegate.m */ = {isa = PBXFileReference; lastKnownFileType = sourcecode.c.objc; path = AppDelegate.m; sourceTree = "<group>"; };
		C72E83CC1C90220B00940C31 /* ViewController.h */ = {isa = PBXFileReference; lastKnownFileType = sourcecode.c.h; path = ViewController.h; sourceTree = "<group>"; };
		C72E83CD1C90220B00940C31 /* ViewController.m */ = {isa = PBXFileReference; lastKnownFileType = sourcecode.c.objc; path = ViewController.m; sourceTree = "<group>"; };
		C72E83D01C90220B00940C31 /* Base */ = {isa = PBXFileReference; lastKnownFileType = file.storyboard; name = Base; path = Base.lproj/Main.storyboard; sourceTree = "<group>"; };
		C72E83D21C90220B00940C31 /* Assets.xcassets */ = {isa = PBXFileReference; lastKnownFileType = folder.assetcatalog; path = Assets.xcassets; sourceTree = "<group>"; };
		C72E83D51C90220B00940C31 /* Base */ = {isa = PBXFileReference; lastKnownFileType = file.storyboard; name = Base; path = Base.lproj/LaunchScreen.storyboard; sourceTree = "<group>"; };
		C72E83D71C90220B00940C31 /* Info.plist */ = {isa = PBXFileReference; lastKnownFileType = text.plist.xml; path = Info.plist; sourceTree = "<group>"; };
/* End PBXFileReference section */

/* Begin PBXFrameworksBuildPhase section */
		C72E83C01C90220B00940C31 /* Frameworks */ = {
			isa = PBXFrameworksBuildPhase;
			buildActionMask = 2147483647;
			files = (
			);
			runOnlyForDeploymentPostprocessing = 0;
		};
/* End PBXFrameworksBuildPhase section */

/* Begin PBXGroup section */
		C72E83BA1C90220B00940C31 = {
			isa = PBXGroup;
			children = (
				C72E83C51C90220B00940C31 /* iOS */,
				C72E83C41C90220B00940C31 /* Products */,
			);
			sourceTree = "<group>";
		};
		C72E83C41C90220B00940C31 /* Products */ = {
			isa = PBXGroup;
			children = (
				C72E83C31C90220B00940C31 /* iOS.app */,
			);
			name = Products;
			sourceTree = "<group>";
		};
		C72E83C51C90220B00940C31 /* iOS */ = {
			isa = PBXGroup;
			children = (
				C72E83C91C90220B00940C31 /* AppDelegate.h */,
				C72E83CA1C90220B00940C31 /* AppDelegate.m */,
				C72E83CC1C90220B00940C31 /* ViewController.h */,
				C72E83CD1C90220B00940C31 /* ViewController.m */,
				C72E83CF1C90220B00940C31 /* Main.storyboard */,
				C72E83D21C90220B00940C31 /* Assets.xcassets */,
				C72E83D41C90220B00940C31 /* LaunchScreen.storyboard */,
				C72E83D71C90220B00940C31 /* Info.plist */,
				C72E83C61C90220B00940C31 /* Supporting Files */,
			);
			path = iOS;
			sourceTree = "<group>";
		};
		C72E83C61C90220B00940C31 /* Supporting Files */ = {
			isa = PBXGroup;
			children = (
				C72E83C71C90220B00940C31 /* main.m */,
			);
			name = "Supporting Files";
			sourceTree = "<group>";
		};
/* End PBXGroup section */

/* Begin PBXNativeTarget section */
		C72E83C21C90220B00940C31 /* iOS */ = {
			isa = PBXNativeTarget;
			buildConfigurationList = C72E83DA1C90220B00940C31 /* Build configuration list for PBXNativeTarget "iOS" */;
			buildPhases = (
				C72E83BF1C90220B00940C31 /* Sources */,
				C72E83C01C90220B00940C31 /* Frameworks */,
				C72E83C11C90220B00940C31 /* Resources */,
			);
			buildRules = (
			);
			dependencies = (
			);
			name = iOS;
			productName = iOS;
			productReference = C72E83C31C90220B00940C31 /* iOS.app */;
			productType = "com.apple.product-type.application";
		};
/* End PBXNativeTarget section */

/* Begin PBXProject section */
		C72E83BB1C90220B00940C31 /* Project object */ = {
			isa = PBXProject;
			attributes = {
				LastUpgradeCheck = 0720;
				ORGANIZATIONNAME = lijiang;
				TargetAttributes = {
					C72E83C21C90220B00940C31 = {
						CreatedOnToolsVersion = 7.2;
						DevelopmentTeam = 6LBFB52DBU;
					};
				};
			};
			buildConfigurationList = C72E83BE1C90220B00940C31 /* Build configuration list for PBXProject "iOS" */;
			compatibilityVersion = "Xcode 3.2";
			developmentRegion = English;
			hasScannedForEncodings = 0;
			knownRegions = (
				en,
				Base,
			);
			mainGroup = C72E83BA1C90220B00940C31;
			productRefGroup = C72E83C41C90220B00940C31 /* Products */;
			projectDirPath = "";
			projectRoot = "";
			targets = (
				C72E83C21C90220B00940C31 /* iOS */,
			);
		};
/* End PBXProject section */

/* Begin PBXResourcesBuildPhase section */
		C72E83C11C90220B00940C31 /* Resources */ = {
			isa = PBXResourcesBuildPhase;
			buildActionMask = 2147483647;
			files = (
				C72E83D61C90220B00940C31 /* LaunchScreen.storyboard in Resources */,
				C72E83D31C90220B00940C31 /* Assets.xcassets in Resources */,
				C72E83D11C90220B00940C31 /* Main.storyboard in Resources */,
			);
			runOnlyForDeploymentPostprocessing = 0;
		};
/* End PBXResourcesBuildPhase section */

/* Begin PBXSourcesBuildPhase section */
		C72E83BF1C90220B00940C31 /* Sources */ = {
			isa = PBXSourcesBuildPhase;
			buildActionMask = 2147483647;
			files = (
				C72E83CE1C90220B00940C31 /* ViewController.m in Sources */,
				C72E83CB1C90220B00940C31 /* AppDelegate.m in Sources */,
				C72E83C81C90220B00940C31 /* main.m in Sources */,
			);
			runOnlyForDeploymentPostprocessing = 0;
		};
/* End PBXSourcesBuildPhase section */

/* Begin PBXVariantGroup section */
		C72E83CF1C90220B00940C31 /* Main.storyboard */ = {
			isa = PBXVariantGroup;
			children = (
				C72E83D01C90220B00940C31 /* Base */,
			);
			name = Main.storyboard;
			sourceTree = "<group>";
		};
		C72E83D41C90220B00940C31 /* LaunchScreen.storyboard */ = {
			isa = PBXVariantGroup;
			children = (
				C72E83D51C90220B00940C31 /* Base */,
			);
			name = LaunchScreen.storyboard;
			sourceTree = "<group>";
		};
/* End PBXVariantGroup section */

/* Begin XCBuildConfiguration section */
		C72E83D81C90220B00940C31 /* Debug */ = {
			isa = XCBuildConfiguration;
			buildSettings = {
				ALWAYS_SEARCH_USER_PATHS = NO;
				CLANG_CXX_LANGUAGE_STANDARD = "gnu++0x";
				CLANG_CXX_LIBRARY = "libc++";
				CLANG_ENABLE_MODULES = YES;
				CLANG_ENABLE_OBJC_ARC = YES;
				CLANG_WARN_BOOL_CONVERSION = YES;
				CLANG_WARN_CONSTANT_CONVERSION = YES;
				CLANG_WARN_DIRECT_OBJC_ISA_USAGE = YES_ERROR;
				CLANG_WARN_EMPTY_BODY = YES;
				CLANG_WARN_ENUM_CONVERSION = YES;
				CLANG_WARN_INT_CONVERSION = YES;
				CLANG_WARN_OBJC_ROOT_CLASS = YES_ERROR;
				CLANG_WARN_UNREACHABLE_CODE = YES;
				CLANG_WARN__DUPLICATE_METHOD_MATCH = YES;
				"CODE_SIGN_IDENTITY[sdk=iphoneos*]" = "iPhone Developer";
				COPY_PHASE_STRIP = NO;
				DEBUG_INFORMATION_FORMAT = dwarf;
				ENABLE_STRICT_OBJC_MSGSEND = YES;
				ENABLE_TESTABILITY = YES;
				GCC_C_LANGUAGE_STANDARD = gnu99;
				GCC_DYNAMIC_NO_PIC = NO;
				GCC_NO_COMMON_BLOCKS = YES;
				GCC_OPTIMIZATION_LEVEL = 0;
				GCC_PREPROCESSOR_DEFINITIONS = (
					"DEBUG=1",
					"$(inherited)",
				);
				GCC_WARN_64_TO_32_BIT_CONVERSION = YES;
				GCC_WARN_ABOUT_RETURN_TYPE = YES_ERROR;
				GCC_WARN_UNDECLARED_SELECTOR = YES;
				GCC_WARN_UNINITIALIZED_AUTOS = YES_AGGRESSIVE;
				GCC_WARN_UNUSED_FUNCTION = YES;
				GCC_WARN_UNUSED_VARIABLE = YES;
				IPHONEOS_DEPLOYMENT_TARGET = 9.2;
				MTL_ENABLE_DEBUG_INFO = YES;
				ONLY_ACTIVE_ARCH = YES;
				SDKROOT = iphoneos;
			};
			name = Debug;
		};
		C72E83D91C90220B00940C31 /* Release */ = {
			isa = XCBuildConfiguration;
			buildSettings = {
				ALWAYS_SEARCH_USER_PATHS = NO;
				CLANG_CXX_LANGUAGE_STANDARD = "gnu++0x";
				CLANG_CXX_LIBRARY = "libc++";
				CLANG_ENABLE_MODULES = YES;
				CLANG_ENABLE_OBJC_ARC = YES;
				CLANG_WARN_BOOL_CONVERSION = YES;
				CLANG_WARN_CONSTANT_CONVERSION = YES;
				CLANG_WARN_DIRECT_OBJC_ISA_USAGE = YES_ERROR;
				CLANG_WARN_EMPTY_BODY = YES;
				CLANG_WARN_ENUM_CONVERSION = YES;
				CLANG_WARN_INT_CONVERSION = YES;
				CLANG_WARN_OBJC_ROOT_CLASS = YES_ERROR;
				CLANG_WARN_UNREACHABLE_CODE = YES;
				CLANG_WARN__DUPLICATE_METHOD_MATCH = YES;
				"CODE_SIGN_IDENTITY[sdk=iphoneos*]" = "iPhone Developer";
				COPY_PHASE_STRIP = NO;
				DEBUG_INFORMATION_FORMAT = "dwarf-with-dsym";
				ENABLE_NS_ASSERTIONS = NO;
				ENABLE_STRICT_OBJC_MSGSEND = YES;
				GCC_C_LANGUAGE_STANDARD = gnu99;
				GCC_NO_COMMON_BLOCKS = YES;
				GCC_WARN_64_TO_32_BIT_CONVERSION = YES;
				GCC_WARN_ABOUT_RETURN_TYPE = YES_ERROR;
				GCC_WARN_UNDECLARED_SELECTOR = YES;
				GCC_WARN_UNINITIALIZED_AUTOS = YES_AGGRESSIVE;
				GCC_WARN_UNUSED_FUNCTION = YES;
				GCC_WARN_UNUSED_VARIABLE = YES;
				IPHONEOS_DEPLOYMENT_TARGET = 9.2;
				MTL_ENABLE_DEBUG_INFO = NO;
				SDKROOT = iphoneos;
				VALIDATE_PRODUCT = YES;
			};
			name = Release;
		};
		C72E83DB1C90220B00940C31 /* Debug */ = {
			isa = XCBuildConfiguration;
			buildSettings = {
				ASSETCATALOG_COMPILER_APPICON_NAME = AppIcon;
				INFOPLIST_FILE = iOS/Info.plist;
				LD_RUNPATH_SEARCH_PATHS = "$(inherited) @executable_path/Frameworks";
				PRODUCT_BUNDLE_IDENTIFIER = hh.iOS;
				PRODUCT_NAME = "$(TARGET_NAME)";
			};
			name = Debug;
		};
		C72E83DC1C90220B00940C31 /* Release */ = {
			isa = XCBuildConfiguration;
			buildSettings = {
				ASSETCATALOG_COMPILER_APPICON_NAME = AppIcon;
				INFOPLIST_FILE = iOS/Info.plist;
				LD_RUNPATH_SEARCH_PATHS = "$(inherited) @executable_path/Frameworks";
				PRODUCT_BUNDLE_IDENTIFIER = hh.iOS;
				PRODUCT_NAME = "$(TARGET_NAME)";
			};
			name = Release;
		};
/* End XCBuildConfiguration section */

/* Begin XCConfigurationList section */
		C72E83BE1C90220B00940C31 /* Build configuration list for PBXProject "iOS" */ = {
			isa = XCConfigurationList;
			buildConfigurations = (
				C72E83D81C90220B00940C31 /* Debug */,
				C72E83D91C90220B00940C31 /* Release */,
			);
			defaultConfigurationIsVisible = 0;
			defaultConfigurationName = Release;
		};
		C72E83DA1C90220B00940C31 /* Build configuration list for PBXNativeTarget "iOS" */ = {
			isa = XCConfigurationList;
			buildConfigurations = (
				C72E83DB1C90220B00940C31 /* Debug */,
				C72E83DC1C90220B00940C31 /* Release */,
			);
			defaultConfigurationIsVisible = 0;
		};
/* End XCConfigurationList section */
	};
	rootObject = C72E83BB1C90220B00940C31 /* Project object */;
}
